# THIS IS AN AUTOGENERATED FILE. DO NOT EDIT THIS FILE DIRECTLY.
# yarn lockfile v1


"@azure/msal-browser@2.28.1":
  version "2.28.1"
  resolved "https://registry.yarnpkg.com/@azure/msal-browser/-/msal-browser-2.28.1.tgz#68432ba789f1d2e7a67a38743fbbbb3fbbc5430b"
  integrity sha512-5uAfwpNGBSRzBGTSS+5l4Zw6msPV7bEmq99n0U3n/N++iTcha+nIp1QujxTPuOLHmTNCeySdMx9qzGqWuy22zQ==
  dependencies:
    "@azure/msal-common" "^7.3.0"

"@azure/msal-common@^7.3.0":
  version "7.6.0"
  resolved "https://registry.yarnpkg.com/@azure/msal-common/-/msal-common-7.6.0.tgz#b52e97ef540275f72611cff57937dfa0b34cdcca"
  integrity sha512-XqfbglUTVLdkHQ8F9UQJtKseRr3sSnr9ysboxtoswvaMVaEfvyLtMoHv9XdKUfOc0qKGzNgRFd9yRjIWVepl6Q==

"@babel/parser@^7.16.4":
  version "7.21.1"
  resolved "https://registry.yarnpkg.com/@babel/parser/-/parser-7.21.1.tgz#a8f81ee2fe872af23faea4b17a08fcc869de7bcc"
  integrity sha512-JzhBFpkuhBNYUY7qs+wTzNmyCWUHEaAFpQQD2YfU1rPL38/L43Wvid0fFkiOCnHvsGncRZgEPyGnltABLcVDTg==

"@babel/parser@^7.18.4":
  version "7.20.3"
  resolved "https://registry.yarnpkg.com/@babel/parser/-/parser-7.20.3.tgz#5358cf62e380cf69efcb87a7bb922ff88bfac6e2"
  integrity sha512-OP/s5a94frIPXwjzEcv5S/tpQfc6XhxYUnmWpgdqMWGgYCuErA3SzozaRAMQgSZWKeTJxht9aWAkUY+0UzvOFg==

"@esbuild/android-arm@0.15.14":
  version "0.15.14"
  resolved "https://registry.yarnpkg.com/@esbuild/android-arm/-/android-arm-0.15.14.tgz#5d0027f920eeeac313c01fd6ecb8af50c306a466"
  integrity sha512-+Rb20XXxRGisNu2WmNKk+scpanb7nL5yhuI1KR9wQFiC43ddPj/V1fmNyzlFC9bKiG4mYzxW7egtoHVcynr+OA==

"@esbuild/linux-loong64@0.15.14":
  version "0.15.14"
  resolved "https://registry.yarnpkg.com/@esbuild/linux-loong64/-/linux-loong64-0.15.14.tgz#1221684955c44385f8af34f7240088b7dc08d19d"
  integrity sha512-eQi9rosGNVQFJyJWV0HCA5WZae/qWIQME7s8/j8DMvnylfBv62Pbu+zJ2eUDqNf2O4u3WB+OEXyfkpBoe194sg==

"@fortawesome/fontawesome-common-types@6.1.1":
  version "6.1.1"
  resolved "https://registry.yarnpkg.com/@fortawesome/fontawesome-common-types/-/fontawesome-common-types-6.1.1.tgz#7dc996042d21fc1ae850e3173b5c67b0549f9105"
  integrity sha512-wVn5WJPirFTnzN6tR95abCx+ocH+3IFLXAgyavnf9hUmN0CfWoDjPT/BAWsUVwSlYYVBeCLJxaqi7ZGe4uSjBA==

"@fortawesome/fontawesome-svg-core@6.1.1":
  version "6.1.1"
  resolved "https://registry.yarnpkg.com/@fortawesome/fontawesome-svg-core/-/fontawesome-svg-core-6.1.1.tgz#3424ec6182515951816be9b11665d67efdce5b5f"
  integrity sha512-NCg0w2YIp81f4V6cMGD9iomfsIj7GWrqmsa0ZsPh59G7PKiGN1KymZNxmF00ssuAlo/VZmpK6xazsGOwzKYUMg==
  dependencies:
    "@fortawesome/fontawesome-common-types" "6.1.1"

"@fortawesome/free-solid-svg-icons@6.1.1":
  version "6.1.1"
  resolved "https://registry.yarnpkg.com/@fortawesome/free-solid-svg-icons/-/free-solid-svg-icons-6.1.1.tgz#3369e673f8fe8be2fba30b1ec274d47490a830a6"
  integrity sha512-0/5exxavOhI/D4Ovm2r3vxNojGZioPwmFrKg0ZUH69Q68uFhFPs6+dhAToh6VEQBntxPRYPuT5Cg1tpNa9JUPg==
  dependencies:
    "@fortawesome/fontawesome-common-types" "6.1.1"

"@fortawesome/vue-fontawesome@2.0.6":
  version "2.0.6"
  resolved "https://registry.yarnpkg.com/@fortawesome/vue-fontawesome/-/vue-fontawesome-2.0.6.tgz#87e691ed87f28f4667238573a29743f543a087f6"
  integrity sha512-V3vT3flY15AKbUS31aZOP12awQI3aAzkr2B1KnqcHLmwrmy51DW3pwyBczKdypV8QxBZ8U68Hl2XxK2nudTxpg==

"@jridgewell/gen-mapping@^0.3.0":
  version "0.3.2"
  resolved "https://registry.yarnpkg.com/@jridgewell/gen-mapping/-/gen-mapping-0.3.2.tgz#c1aedc61e853f2bb9f5dfe6d4442d3b565b253b9"
  integrity sha512-mh65xKQAzI6iBcFzwv28KVWSmCkdRBWoOh+bYQGW3+6OZvbbN3TqMGo5hqYxQniRcH9F2VZIoJCm4pa3BPDK/A==
  dependencies:
    "@jridgewell/set-array" "^1.0.1"
    "@jridgewell/sourcemap-codec" "^1.4.10"
    "@jridgewell/trace-mapping" "^0.3.9"

"@jridgewell/resolve-uri@3.1.0":
  version "3.1.0"
  resolved "https://registry.yarnpkg.com/@jridgewell/resolve-uri/-/resolve-uri-3.1.0.tgz#2203b118c157721addfe69d47b70465463066d78"
  integrity sha512-F2msla3tad+Mfht5cJq7LSXcdudKTWCVYUgw6pLFOOHSTtZlj6SWNYAp+AhuqLmWdBO2X5hPrLcu8cVP8fy28w==

"@jridgewell/set-array@^1.0.1":
  version "1.1.2"
  resolved "https://registry.yarnpkg.com/@jridgewell/set-array/-/set-array-1.1.2.tgz#7c6cf998d6d20b914c0a55a91ae928ff25965e72"
  integrity sha512-xnkseuNADM0gt2bs+BvhO0p78Mk762YnZdsuzFV018NoG1Sj1SCQvpSqa7XUaTam5vAGasABV9qXASMKnFMwMw==

"@jridgewell/source-map@^0.3.2":
  version "0.3.2"
  resolved "https://registry.yarnpkg.com/@jridgewell/source-map/-/source-map-0.3.2.tgz#f45351aaed4527a298512ec72f81040c998580fb"
  integrity sha512-m7O9o2uR8k2ObDysZYzdfhb08VuEml5oWGiosa1VdaPZ/A6QyPkAJuwN0Q1lhULOf6B7MtQmHENS743hWtCrgw==
  dependencies:
    "@jridgewell/gen-mapping" "^0.3.0"
    "@jridgewell/trace-mapping" "^0.3.9"

"@jridgewell/sourcemap-codec@1.4.14", "@jridgewell/sourcemap-codec@^1.4.10":
  version "1.4.14"
  resolved "https://registry.yarnpkg.com/@jridgewell/sourcemap-codec/-/sourcemap-codec-1.4.14.tgz#add4c98d341472a289190b424efbdb096991bb24"
  integrity sha512-XPSJHWmi394fuUuzDnGz1wiKqWfo1yXecHQMRf2l6hztTO+nPru658AyDngaBe7isIxEkRsPR3FZh+s7iVa4Uw==

"@jridgewell/trace-mapping@^0.3.9":
  version "0.3.17"
  resolved "https://registry.yarnpkg.com/@jridgewell/trace-mapping/-/trace-mapping-0.3.17.tgz#793041277af9073b0951a7fe0f0d8c4c98c36985"
  integrity sha512-MCNzAp77qzKca9+W/+I0+sEpaUnZoeasnghNeVc41VZCEKaCH73Vq3BZZ/SzWIgrqE4H4ceI+p+b6C0mHf9T4g==
  dependencies:
    "@jridgewell/resolve-uri" "3.1.0"
    "@jridgewell/sourcemap-codec" "1.4.14"

"@trysound/sax@0.2.0":
  version "0.2.0"
  resolved "https://registry.yarnpkg.com/@trysound/sax/-/sax-0.2.0.tgz#cccaab758af56761eb7bf37af6f03f326dd798ad"
  integrity sha512-L7z9BgrNEcYyUYtF+HaEfiS5ebkh9jXqbszz7pC0hRBPaatV0XjSD3+eHrpqFemQfgwiFF0QPIarnIihIDn7OA==

"@vitejs/plugin-vue2@^1.1.2":
  version "1.1.2"
  resolved "https://registry.yarnpkg.com/@vitejs/plugin-vue2/-/plugin-vue2-1.1.2.tgz#891f0acc5a6a2b4886a74cb8d6359d42f19f968a"
  integrity sha512-y6OEA+2UdJ0xrEQHodq20v9r3SpS62IOHrgN92JPLvVpNkhcissu7yvD5PXMzMESyazj0XNWGsc8UQk8+mVrjQ==

"@vue/compiler-core@3.2.47":
  version "3.2.47"
  resolved "https://registry.yarnpkg.com/@vue/compiler-core/-/compiler-core-3.2.47.tgz#3e07c684d74897ac9aa5922c520741f3029267f8"
  integrity sha512-p4D7FDnQb7+YJmO2iPEv0SQNeNzcbHdGByJDsT4lynf63AFkOTFN07HsiRSvjGo0QrxR/o3d0hUyNCUnBU2Tig==
  dependencies:
    "@babel/parser" "^7.16.4"
    "@vue/shared" "3.2.47"
    estree-walker "^2.0.2"
    source-map "^0.6.1"

"@vue/compiler-dom@3.2.47":
  version "3.2.47"
  resolved "https://registry.yarnpkg.com/@vue/compiler-dom/-/compiler-dom-3.2.47.tgz#a0b06caf7ef7056939e563dcaa9cbde30794f305"
  integrity sha512-dBBnEHEPoftUiS03a4ggEig74J2YBZ2UIeyfpcRM2tavgMWo4bsEfgCGsu+uJIL/vax9S+JztH8NmQerUo7shQ==
  dependencies:
    "@vue/compiler-core" "3.2.47"
    "@vue/shared" "3.2.47"

"@vue/compiler-sfc@2.7.14":
  version "2.7.14"
  resolved "https://registry.yarnpkg.com/@vue/compiler-sfc/-/compiler-sfc-2.7.14.tgz#3446fd2fbb670d709277fc3ffa88efc5e10284fd"
  integrity sha512-aNmNHyLPsw+sVvlQFQ2/8sjNuLtK54TC6cuKnVzAY93ks4ZBrvwQSnkkIh7bsbNhum5hJBS00wSDipQ937f5DA==
  dependencies:
    "@babel/parser" "^7.18.4"
    postcss "^8.4.14"
    source-map "^0.6.1"

"@vue/compiler-sfc@^3.2.20":
  version "3.2.47"
  resolved "https://registry.yarnpkg.com/@vue/compiler-sfc/-/compiler-sfc-3.2.47.tgz#1bdc36f6cdc1643f72e2c397eb1a398f5004ad3d"
  integrity sha512-rog05W+2IFfxjMcFw10tM9+f7i/+FFpZJJ5XHX72NP9eC2uRD+42M3pYcQqDXVYoj74kHMSEdQ/WmCjt8JFksQ==
  dependencies:
    "@babel/parser" "^7.16.4"
    "@vue/compiler-core" "3.2.47"
    "@vue/compiler-dom" "3.2.47"
    "@vue/compiler-ssr" "3.2.47"
    "@vue/reactivity-transform" "3.2.47"
    "@vue/shared" "3.2.47"
    estree-walker "^2.0.2"
    magic-string "^0.25.7"
    postcss "^8.1.10"
    source-map "^0.6.1"

"@vue/compiler-ssr@3.2.47":
  version "3.2.47"
  resolved "https://registry.yarnpkg.com/@vue/compiler-ssr/-/compiler-ssr-3.2.47.tgz#35872c01a273aac4d6070ab9d8da918ab13057ee"
  integrity sha512-wVXC+gszhulcMD8wpxMsqSOpvDZ6xKXSVWkf50Guf/S+28hTAXPDYRTbLQ3EDkOP5Xz/+SY37YiwDquKbJOgZw==
  dependencies:
    "@vue/compiler-dom" "3.2.47"
    "@vue/shared" "3.2.47"

"@vue/reactivity-transform@3.2.47":
  version "3.2.47"
  resolved "https://registry.yarnpkg.com/@vue/reactivity-transform/-/reactivity-transform-3.2.47.tgz#e45df4d06370f8abf29081a16afd25cffba6d84e"
  integrity sha512-m8lGXw8rdnPVVIdIFhf0LeQ/ixyHkH5plYuS83yop5n7ggVJU+z5v0zecwEnX7fa7HNLBhh2qngJJkxpwEEmYA==
  dependencies:
    "@babel/parser" "^7.16.4"
    "@vue/compiler-core" "3.2.47"
    "@vue/shared" "3.2.47"
    estree-walker "^2.0.2"
    magic-string "^0.25.7"

"@vue/shared@3.2.47":
  version "3.2.47"
  resolved "https://registry.yarnpkg.com/@vue/shared/-/shared-3.2.47.tgz#e597ef75086c6e896ff5478a6bfc0a7aa4bbd14c"
  integrity sha512-BHGyyGN3Q97EZx0taMQ+OLNuZcW3d37ZEVmEAyeoA9ERdGvm9Irc/0Fua8SNyOtV1w6BS4q25wbMzJujO9HIfQ==

acorn@^8.5.0:
  version "8.8.1"
  resolved "https://registry.yarnpkg.com/acorn/-/acorn-8.8.1.tgz#0a3f9cbecc4ec3bea6f0a80b66ae8dd2da250b73"
  integrity sha512-7zFpHzhnqYKrkYdUjF1HI1bzd0VygEGX8lFk4k5zVMqHEoES+P+7TKI+EvLO9WVMJ8eekdO0aDEK044xTXwPPA==

anymatch@~3.1.2:
  version "3.1.2"
  resolved "https://registry.yarnpkg.com/anymatch/-/anymatch-3.1.2.tgz#c0557c096af32f106198f4f4e2a383537e378716"
  integrity sha512-P43ePfOAIupkguHUycrc4qJ9kz8ZiuOUijaETwX7THt0Y/GNK7v0aa8rY816xWjZ7rJdA5XdMcpVFTKMq+RvWg==
  dependencies:
    normalize-path "^3.0.0"
    picomatch "^2.0.4"

axios@0.26.0:
  version "0.26.0"
  resolved "https://registry.yarnpkg.com/axios/-/axios-0.26.0.tgz#9a318f1c69ec108f8cd5f3c3d390366635e13928"
  integrity sha512-lKoGLMYtHvFrPVt3r+RBMp9nh34N0M8zEfCWqdWZx6phynIEhQqAdydpyBAAG211zlhX9Rgu08cOamy6XjE5Og==
  dependencies:
    follow-redirects "^1.14.8"

binary-extensions@^2.0.0:
  version "2.2.0"
  resolved "https://registry.yarnpkg.com/binary-extensions/-/binary-extensions-2.2.0.tgz#75f502eeaf9ffde42fc98829645be4ea76bd9e2d"
  integrity sha512-jDctJ/IVQbZoJykoeHbhXpOlNBqGNcwXJKJog42E5HDPUwQTSdjCHdihjj0DlnheQ7blbT6dHOafNAiS8ooQKA==

boolbase@^1.0.0:
  version "1.0.0"
  resolved "https://registry.yarnpkg.com/boolbase/-/boolbase-1.0.0.tgz#68dff5fbe60c51eb37725ea9e3ed310dcc1e776e"
  integrity sha512-JZOSA7Mo9sNGB8+UjSgzdLtokWAky1zbztM3WRLCbZ70/3cTANmQmOdR7y2g+J0e2WXywy1yS468tY+IruqEww==

braces@~3.0.2:
  version "3.0.2"
  resolved "https://registry.yarnpkg.com/braces/-/braces-3.0.2.tgz#3454e1a462ee8d599e236df336cd9ea4f8afe107"
  integrity sha512-b8um+L1RzM3WDSzvhm6gIz1yfTbBt6YTlcEKAvsmqCZZFw46z626lVj9j1yEPW33H5H+lBQpZMP1k8l+78Ha0A==
  dependencies:
    fill-range "^7.0.1"

buffer-from@^1.0.0:
  version "1.1.2"
  resolved "https://registry.yarnpkg.com/buffer-from/-/buffer-from-1.1.2.tgz#2b146a6fd72e80b4f55d255f35ed59a3a9a41bd5"
  integrity sha512-E+XQCRwSbaaiChtv6k6Dwgc+bx+Bs6vuKJHHl5kox/BaKbhiXzqQOwK4cO22yElGp2OCmjwVhT3HmxgyPGnJfQ==

"chokidar@>=3.0.0 <4.0.0":
  version "3.5.3"
  resolved "https://registry.yarnpkg.com/chokidar/-/chokidar-3.5.3.tgz#1cf37c8707b932bd1af1ae22c0432e2acd1903bd"
  integrity sha512-Dr3sfKRP6oTcjf2JmUmFJfeVMvXBdegxB0iVQ5eb2V10uFJUCAS8OByZdVAyVb8xXNz3GjjTgj9kLWsZTqE6kw==
  dependencies:
    anymatch "~3.1.2"
    braces "~3.0.2"
    glob-parent "~5.1.2"
    is-binary-path "~2.1.0"
    is-glob "~4.0.1"
    normalize-path "~3.0.0"
    readdirp "~3.6.0"
  optionalDependencies:
    fsevents "~2.3.2"

clamp@^1.0.1:
  version "1.0.1"
  resolved "https://registry.yarnpkg.com/clamp/-/clamp-1.0.1.tgz#66a0e64011816e37196828fdc8c8c147312c8634"
  integrity sha512-kgMuFyE78OC6Dyu3Dy7vcx4uy97EIbVxJB/B0eJ3bUNAkwdNcxYzgKltnyADiYwsR7SEqkkUPsEUT//OVS6XMA==

commander@^2.20.0:
  version "2.20.3"
  resolved "https://registry.yarnpkg.com/commander/-/commander-2.20.3.tgz#fd485e84c03eb4881c20722ba48035e8531aeb33"
  integrity sha512-GpVkmM8vF2vQUkj2LvZmD35JxeJOLCwJ9cUkugyk2nuhbv3+mJvpLYYt+0+USMxE+oj+ey/lJEnhZw75x/OMcQ==

commander@^7.2.0:
  version "7.2.0"
  resolved "https://registry.yarnpkg.com/commander/-/commander-7.2.0.tgz#a36cb57d0b501ce108e4d20559a150a391d97ab7"
  integrity sha512-QrWXB+ZQSVPmIWIhtEO9H+gwHaMGYiF5ChvoJ+K9ZGHG/sVsa6yiesAD1GC/x46sET00Xlwo1u49RVVVzvcSkw==

compute-scroll-into-view@^2.0.4:
  version "2.0.4"
  resolved "https://registry.yarnpkg.com/compute-scroll-into-view/-/compute-scroll-into-view-2.0.4.tgz#2b444b2b9e4724819d2531efacb7ac094155fdf6"
  integrity sha512-y/ZA3BGnxoM/QHHQ2Uy49CLtnWPbt4tTPpEEZiEmmiWBFKjej7nEyH8Ryz54jH0MLXflUYA3Er2zUxPSJu5R+g==

css-select@^5.1.0:
  version "5.1.0"
  resolved "https://registry.yarnpkg.com/css-select/-/css-select-5.1.0.tgz#b8ebd6554c3637ccc76688804ad3f6a6fdaea8a6"
  integrity sha512-nwoRF1rvRRnnCqqY7updORDsuqKzqYJ28+oSMaJMMgOauh3fvwHqMS7EZpIPqK8GL+g9mKxF1vP/ZjSeNjEVHg==
  dependencies:
    boolbase "^1.0.0"
    css-what "^6.1.0"
    domhandler "^5.0.2"
    domutils "^3.0.1"
    nth-check "^2.0.1"

css-tree@^2.2.1:
  version "2.3.1"
  resolved "https://registry.yarnpkg.com/css-tree/-/css-tree-2.3.1.tgz#10264ce1e5442e8572fc82fbe490644ff54b5c20"
  integrity sha512-6Fv1DV/TYw//QF5IzQdqsNDjx/wc8TrMBZsqjL9eW01tWb7R7k/mq+/VXfJCl7SoD5emsJop9cOByJZfs8hYIw==
  dependencies:
    mdn-data "2.0.30"
    source-map-js "^1.0.1"

css-tree@~2.2.0:
  version "2.2.1"
  resolved "https://registry.yarnpkg.com/css-tree/-/css-tree-2.2.1.tgz#36115d382d60afd271e377f9c5f67d02bd48c032"
  integrity sha512-OA0mILzGc1kCOCSJerOeqDxDQ4HOh+G8NbOJFOTgOCzpw7fCBubk0fEyxp8AgOL/jvLgYA/uV0cMbe43ElF1JA==
  dependencies:
    mdn-data "2.0.28"
    source-map-js "^1.0.1"

css-what@^6.1.0:
  version "6.1.0"
  resolved "https://registry.yarnpkg.com/css-what/-/css-what-6.1.0.tgz#fb5effcf76f1ddea2c81bdfaa4de44e79bac70f4"
  integrity sha512-HTUrgRJ7r4dsZKU6GjmpfRK1O76h97Z8MfS1G0FozR+oF2kG6Vfe8JE6zwrkbxigziPHinCJ+gCPjA9EaBDtRw==

csso@^5.0.5:
  version "5.0.5"
  resolved "https://registry.yarnpkg.com/csso/-/csso-5.0.5.tgz#f9b7fe6cc6ac0b7d90781bb16d5e9874303e2ca6"
  integrity sha512-0LrrStPOdJj+SPCCrGhzryycLjwcgUSHBtxNA8aIDxf0GLsRh1cKYhB00Gd1lDOS4yGH69+SNn13+TWbVHETFQ==
  dependencies:
    css-tree "~2.2.0"

csstype@^3.1.0:
  version "3.1.1"
  resolved "https://registry.yarnpkg.com/csstype/-/csstype-3.1.1.tgz#841b532c45c758ee546a11d5bd7b7b473c8c30b9"
  integrity sha512-DJR/VvkAvSZW9bTouZue2sSxDwdTN92uHjqeKVm+0dAqdfNykRzQ95tay8aXMBAAPpUiq4Qcug2L7neoRh2Egw==

dom-serializer@^2.0.0:
  version "2.0.0"
  resolved "https://registry.yarnpkg.com/dom-serializer/-/dom-serializer-2.0.0.tgz#e41b802e1eedf9f6cae183ce5e622d789d7d8e53"
  integrity sha512-wIkAryiqt/nV5EQKqQpo3SToSOV9J0DnbJqwK7Wv/Trc92zIAYZ4FlMu+JPFW1DfGFt81ZTCGgDEabffXeLyJg==
  dependencies:
    domelementtype "^2.3.0"
    domhandler "^5.0.2"
    entities "^4.2.0"

domelementtype@^2.3.0:
  version "2.3.0"
  resolved "https://registry.yarnpkg.com/domelementtype/-/domelementtype-2.3.0.tgz#5c45e8e869952626331d7aab326d01daf65d589d"
  integrity sha512-OLETBj6w0OsagBwdXnPdN0cnMfF9opN69co+7ZrbfPGrdpPVNBUj02spi6B1N7wChLQiPn4CSH/zJvXw56gmHw==

domhandler@^5.0.1, domhandler@^5.0.2:
  version "5.0.3"
  resolved "https://registry.yarnpkg.com/domhandler/-/domhandler-5.0.3.tgz#cc385f7f751f1d1fc650c21374804254538c7d31"
  integrity sha512-cgwlv/1iFQiFnU96XXgROh8xTeetsnJiDsTc7TYCLFd9+/WNkIqPTxiM/8pSd8VIrhXGTf1Ny1q1hquVqDJB5w==
  dependencies:
    domelementtype "^2.3.0"

domutils@^3.0.1:
  version "3.0.1"
  resolved "https://registry.yarnpkg.com/domutils/-/domutils-3.0.1.tgz#696b3875238338cb186b6c0612bd4901c89a4f1c"
  integrity sha512-z08c1l761iKhDFtfXO04C7kTdPBLi41zwOZl00WS8b5eiaebNpY00HKbztwBq+e3vyqWNwWF3mP9YLUeqIrF+Q==
  dependencies:
    dom-serializer "^2.0.0"
    domelementtype "^2.3.0"
    domhandler "^5.0.1"

entities@^4.2.0:
  version "4.4.0"
  resolved "https://registry.yarnpkg.com/entities/-/entities-4.4.0.tgz#97bdaba170339446495e653cfd2db78962900174"
  integrity sha512-oYp7156SP8LkeGD0GF85ad1X9Ai79WtRsZ2gxJqtBuzH+98YUV6jkHEKlZkMbcrjJjIVJNIDP/3WL9wQkoPbWA==

esbuild-android-64@0.15.14:
  version "0.15.14"
  resolved "https://registry.yarnpkg.com/esbuild-android-64/-/esbuild-android-64-0.15.14.tgz#114e55b0d58fb7b45d7fa3d93516bd13fc8869cc"
  integrity sha512-HuilVIb4rk9abT4U6bcFdU35UHOzcWVGLSjEmC58OVr96q5UiRqzDtWjPlCMugjhgUGKEs8Zf4ueIvYbOStbIg==

esbuild-android-arm64@0.15.14:
  version "0.15.14"
  resolved "https://registry.yarnpkg.com/esbuild-android-arm64/-/esbuild-android-arm64-0.15.14.tgz#8541f38a9aacf88e574fb13f5ad4ca51a04c12bb"
  integrity sha512-/QnxRVxsR2Vtf3XottAHj7hENAMW2wCs6S+OZcAbc/8nlhbAL/bCQRCVD78VtI5mdwqWkVi3wMqM94kScQCgqg==

esbuild-darwin-64@0.15.14:
  version "0.15.14"
  resolved "https://registry.yarnpkg.com/esbuild-darwin-64/-/esbuild-darwin-64-0.15.14.tgz#b40b334db81ff1e3677a6712b23761748a157c57"
  integrity sha512-ToNuf1uifu8hhwWvoZJGCdLIX/1zpo8cOGnT0XAhDQXiKOKYaotVNx7pOVB1f+wHoWwTLInrOmh3EmA7Fd+8Vg==

esbuild-darwin-arm64@0.15.14:
  version "0.15.14"
  resolved "https://registry.yarnpkg.com/esbuild-darwin-arm64/-/esbuild-darwin-arm64-0.15.14.tgz#44b5c1477bb7bdb852dd905e906f68765e2828bc"
  integrity sha512-KgGP+y77GszfYJgceO0Wi/PiRtYo5y2Xo9rhBUpxTPaBgWDJ14gqYN0+NMbu+qC2fykxXaipHxN4Scaj9tUS1A==

esbuild-freebsd-64@0.15.14:
  version "0.15.14"
  resolved "https://registry.yarnpkg.com/esbuild-freebsd-64/-/esbuild-freebsd-64-0.15.14.tgz#8c57315d238690f34b6ed0c94e5cfc04c858247a"
  integrity sha512-xr0E2n5lyWw3uFSwwUXHc0EcaBDtsal/iIfLioflHdhAe10KSctV978Te7YsfnsMKzcoGeS366+tqbCXdqDHQA==

esbuild-freebsd-arm64@0.15.14:
  version "0.15.14"
  resolved "https://registry.yarnpkg.com/esbuild-freebsd-arm64/-/esbuild-freebsd-arm64-0.15.14.tgz#2e92acca09258daa849e635565f52469266f0b7b"
  integrity sha512-8XH96sOQ4b1LhMlO10eEWOjEngmZ2oyw3pW4o8kvBcpF6pULr56eeYVP5radtgw54g3T8nKHDHYEI5AItvskZg==

esbuild-linux-32@0.15.14:
  version "0.15.14"
  resolved "https://registry.yarnpkg.com/esbuild-linux-32/-/esbuild-linux-32-0.15.14.tgz#ca5ed3e9dff82df486ddde362d7e00775a597dfd"
  integrity sha512-6ssnvwaTAi8AzKN8By2V0nS+WF5jTP7SfuK6sStGnDP7MCJo/4zHgM9oE1eQTS2jPmo3D673rckuCzRlig+HMA==

esbuild-linux-64@0.15.14:
  version "0.15.14"
  resolved "https://registry.yarnpkg.com/esbuild-linux-64/-/esbuild-linux-64-0.15.14.tgz#42952e1d08a299d5f573c567639fb37b033befbf"
  integrity sha512-ONySx3U0wAJOJuxGUlXBWxVKFVpWv88JEv0NZ6NlHknmDd1yCbf4AEdClSgLrqKQDXYywmw4gYDvdLsS6z0hcw==

esbuild-linux-arm64@0.15.14:
  version "0.15.14"
  resolved "https://registry.yarnpkg.com/esbuild-linux-arm64/-/esbuild-linux-arm64-0.15.14.tgz#0c0d788099703327ec0ae70758cb2639ef6c5d88"
  integrity sha512-kle2Ov6a1e5AjlHlMQl1e+c4myGTeggrRzArQFmWp6O6JoqqB9hT+B28EW4tjFWgV/NxUq46pWYpgaWXsXRPAg==

esbuild-linux-arm@0.15.14:
  version "0.15.14"
  resolved "https://registry.yarnpkg.com/esbuild-linux-arm/-/esbuild-linux-arm-0.15.14.tgz#751a5ca5042cd60f669b07c3bcec3dd6c4f8151c"
  integrity sha512-D2LImAIV3QzL7lHURyCHBkycVFbKwkDb1XEUWan+2fb4qfW7qAeUtul7ZIcIwFKZgPcl+6gKZmvLgPSj26RQ2Q==

esbuild-linux-mips64le@0.15.14:
  version "0.15.14"
  resolved "https://registry.yarnpkg.com/esbuild-linux-mips64le/-/esbuild-linux-mips64le-0.15.14.tgz#da8ac35f2704de0b52bf53a99c12f604fbe9b916"
  integrity sha512-FVdMYIzOLXUq+OE7XYKesuEAqZhmAIV6qOoYahvUp93oXy0MOVTP370ECbPfGXXUdlvc0TNgkJa3YhEwyZ6MRA==

esbuild-linux-ppc64le@0.15.14:
  version "0.15.14"
  resolved "https://registry.yarnpkg.com/esbuild-linux-ppc64le/-/esbuild-linux-ppc64le-0.15.14.tgz#a315b5016917429080c3d32e03319f1ff876ac55"
  integrity sha512-2NzH+iuzMDA+jjtPjuIz/OhRDf8tzbQ1tRZJI//aT25o1HKc0reMMXxKIYq/8nSHXiJSnYV4ODzTiv45s+h73w==

esbuild-linux-riscv64@0.15.14:
  version "0.15.14"
  resolved "https://registry.yarnpkg.com/esbuild-linux-riscv64/-/esbuild-linux-riscv64-0.15.14.tgz#9f2e0a935e5086d398fc19c7ff5d217bfefe3e12"
  integrity sha512-VqxvutZNlQxmUNS7Ac+aczttLEoHBJ9e3OYGqnULrfipRvG97qLrAv9EUY9iSrRKBqeEbSvS9bSfstZqwz0T4Q==

esbuild-linux-s390x@0.15.14:
  version "0.15.14"
  resolved "https://registry.yarnpkg.com/esbuild-linux-s390x/-/esbuild-linux-s390x-0.15.14.tgz#53108112faff5a4e1bad17f7b0b0ffa1df4b7efb"
  integrity sha512-+KVHEUshX5n6VP6Vp/AKv9fZIl5kr2ph8EUFmQUJnDpHwcfTSn2AQgYYm0HTBR2Mr4d0Wlr0FxF/Cs5pbFgiOw==

esbuild-netbsd-64@0.15.14:
  version "0.15.14"
  resolved "https://registry.yarnpkg.com/esbuild-netbsd-64/-/esbuild-netbsd-64-0.15.14.tgz#5330efc41fe4f1c2bab5462bcfe7a4ffce7ba00a"
  integrity sha512-6D/dr17piEgevIm1xJfZP2SjB9Z+g8ERhNnBdlZPBWZl+KSPUKLGF13AbvC+nzGh8IxOH2TyTIdRMvKMP0nEzQ==

esbuild-openbsd-64@0.15.14:
  version "0.15.14"
  resolved "https://registry.yarnpkg.com/esbuild-openbsd-64/-/esbuild-openbsd-64-0.15.14.tgz#ee64944d863e937611fc31adf349e9bb4f5f7eac"
  integrity sha512-rREQBIlMibBetgr2E9Lywt2Qxv2ZdpmYahR4IUlAQ1Efv/A5gYdO0/VIN3iowDbCNTLxp0bb57Vf0LFcffD6kA==

esbuild-sunos-64@0.15.14:
  version "0.15.14"
  resolved "https://registry.yarnpkg.com/esbuild-sunos-64/-/esbuild-sunos-64-0.15.14.tgz#29b0b20de6fe6ef50f9fbe533ec20dc4b595f9aa"
  integrity sha512-DNVjSp/BY4IfwtdUAvWGIDaIjJXY5KI4uD82+15v6k/w7px9dnaDaJJ2R6Mu+KCgr5oklmFc0KjBjh311Gxl9Q==

esbuild-windows-32@0.15.14:
  version "0.15.14"
  resolved "https://registry.yarnpkg.com/esbuild-windows-32/-/esbuild-windows-32-0.15.14.tgz#05e9b159d664809f7a4a8a68ed048d193457b27d"
  integrity sha512-pHBWrcA+/oLgvViuG9FO3kNPO635gkoVrRQwe6ZY1S0jdET07xe2toUvQoJQ8KT3/OkxqUasIty5hpuKFLD+eg==

esbuild-windows-64@0.15.14:
  version "0.15.14"
  resolved "https://registry.yarnpkg.com/esbuild-windows-64/-/esbuild-windows-64-0.15.14.tgz#d5ae086728ab30b72969e40ed0a7a0d9082f2cdd"
  integrity sha512-CszIGQVk/P8FOS5UgAH4hKc9zOaFo69fe+k1rqgBHx3CSK3Opyk5lwYriIamaWOVjBt7IwEP6NALz+tkVWdFog==

esbuild-windows-arm64@0.15.14:
  version "0.15.14"
  resolved "https://registry.yarnpkg.com/esbuild-windows-arm64/-/esbuild-windows-arm64-0.15.14.tgz#8eb50ab9a0ecaf058593fbad17502749306f801d"
  integrity sha512-KW9W4psdZceaS9A7Jsgl4WialOznSURvqX/oHZk3gOP7KbjtHLSsnmSvNdzagGJfxbAe30UVGXRe8q8nDsOSQw==

esbuild@^0.15.9:
  version "0.15.14"
  resolved "https://registry.yarnpkg.com/esbuild/-/esbuild-0.15.14.tgz#09202b811f1710363d5088a3401a351351c79875"
  integrity sha512-pJN8j42fvWLFWwSMG4luuupl2Me7mxciUOsMegKvwCmhEbJ2covUdFnihxm0FMIBV+cbwbtMoHgMCCI+pj1btQ==
  optionalDependencies:
    "@esbuild/android-arm" "0.15.14"
    "@esbuild/linux-loong64" "0.15.14"
    esbuild-android-64 "0.15.14"
    esbuild-android-arm64 "0.15.14"
    esbuild-darwin-64 "0.15.14"
    esbuild-darwin-arm64 "0.15.14"
    esbuild-freebsd-64 "0.15.14"
    esbuild-freebsd-arm64 "0.15.14"
    esbuild-linux-32 "0.15.14"
    esbuild-linux-64 "0.15.14"
    esbuild-linux-arm "0.15.14"
    esbuild-linux-arm64 "0.15.14"
    esbuild-linux-mips64le "0.15.14"
    esbuild-linux-ppc64le "0.15.14"
    esbuild-linux-riscv64 "0.15.14"
    esbuild-linux-s390x "0.15.14"
    esbuild-netbsd-64 "0.15.14"
    esbuild-openbsd-64 "0.15.14"
    esbuild-sunos-64 "0.15.14"
    esbuild-windows-32 "0.15.14"
    esbuild-windows-64 "0.15.14"
    esbuild-windows-arm64 "0.15.14"

estree-walker@^2.0.2:
  version "2.0.2"
  resolved "https://registry.yarnpkg.com/estree-walker/-/estree-walker-2.0.2.tgz#52f010178c2a4c117a7757cfe942adb7d2da4cac"
  integrity sha512-Rfkk/Mp/DL7JVje3u18FxFujQlTNR2q6QfMSMB7AvCBx91NGj/ba3kCfza0f6dVDbw7YlRf/nDrn7pQrCCyQ/w==

fill-range@^7.0.1:
  version "7.0.1"
  resolved "https://registry.yarnpkg.com/fill-range/-/fill-range-7.0.1.tgz#1919a6a7c75fe38b2c7c77e5198535da9acdda40"
  integrity sha512-qOo9F+dMUmC2Lcb4BbVvnKJxTPjCm+RRpe4gDuGrzkL7mEVl/djYSu2OdQ2Pa302N4oqkSg9ir6jaLWJ2USVpQ==
  dependencies:
    to-regex-range "^5.0.1"

follow-redirects@^1.14.8:
  version "1.15.2"
  resolved "https://registry.yarnpkg.com/follow-redirects/-/follow-redirects-1.15.2.tgz#b460864144ba63f2681096f274c4e57026da2c13"
  integrity sha512-VQLG33o04KaQ8uYi2tVNbdrWp1QWxNNea+nmIB4EVM28v0hmP17z7aG1+wAkNzVq4KeXTq3221ye5qTJP91JwA==

fsevents@~2.3.2:
  version "2.3.2"
  resolved "https://registry.yarnpkg.com/fsevents/-/fsevents-2.3.2.tgz#8a526f78b8fdf4623b709e0b975c52c24c02fd1a"
  integrity sha512-xiqMQR4xAeHTuB9uWm+fFRcIOgKBMiOBP+eXiyT7jsgVCq1bkVygt00oASowB7EdtpOHaaPgKt812P9ab+DDKA==

function-bind@^1.1.1:
  version "1.1.1"
  resolved "https://registry.yarnpkg.com/function-bind/-/function-bind-1.1.1.tgz#a56899d3ea3c9bab874bb9773b7c5ede92f4895d"
  integrity sha512-yIovAzMX49sF8Yl58fSCWJ5svSLuaibPxXQJFLmBObTuCr0Mf1KiPopGM9NiFjiYBCbfaa2Fh6breQ6ANVTI0A==

glob-parent@~5.1.2:
  version "5.1.2"
  resolved "https://registry.yarnpkg.com/glob-parent/-/glob-parent-5.1.2.tgz#869832c58034fe68a4093c17dc15e8340d8401c4"
  integrity sha512-AOIgSQCepiJYwP3ARnGx+5VnTu2HBYdzbGP45eLw1vr3zB3vZLeyed1sC9hnbcOc9/SrMyM5RPQrkGz4aS9Zow==
  dependencies:
    is-glob "^4.0.1"

has@^1.0.3:
  version "1.0.3"
  resolved "https://registry.yarnpkg.com/has/-/has-1.0.3.tgz#722d7cbfc1f6aa8241f16dd814e011e1f41e8796"
  integrity sha512-f2dvO0VU6Oej7RkWJGrehjbzMAjFp5/VKPp5tTpWIV4JHHZK1/BxbFRtf/siA2SWTe09caDmVtYYzWEIbBS4zw==
  dependencies:
    function-bind "^1.1.1"

immutable@^4.0.0:
  version "4.1.0"
  resolved "https://registry.yarnpkg.com/immutable/-/immutable-4.1.0.tgz#f795787f0db780183307b9eb2091fcac1f6fafef"
  integrity sha512-oNkuqVTA8jqG1Q6c+UglTOD1xhC1BtjKI7XkCXRkZHrN5m18/XsnUp8Q89GkQO/z+0WjonSvl0FLhDYftp46nQ==

is-binary-path@~2.1.0:
  version "2.1.0"
  resolved "https://registry.yarnpkg.com/is-binary-path/-/is-binary-path-2.1.0.tgz#ea1f7f3b80f064236e83470f86c09c254fb45b09"
  integrity sha512-ZMERYes6pDydyuGidse7OsHxtbI7WVeUEozgR/g7rd0xUimYNlvZRE/K2MgZTjWy725IfelLeVcEM97mmtRGXw==
  dependencies:
    binary-extensions "^2.0.0"

is-core-module@^2.9.0:
  version "2.11.0"
  resolved "https://registry.yarnpkg.com/is-core-module/-/is-core-module-2.11.0.tgz#ad4cb3e3863e814523c96f3f58d26cc570ff0144"
  integrity sha512-RRjxlvLDkD1YJwDbroBHMb+cukurkDWNyHx7D3oNB5x9rb5ogcksMC5wHCadcXoo67gVr/+3GFySh3134zi6rw==
  dependencies:
    has "^1.0.3"

is-extglob@^2.1.1:
  version "2.1.1"
  resolved "https://registry.yarnpkg.com/is-extglob/-/is-extglob-2.1.1.tgz#a88c02535791f02ed37c76a1b9ea9773c833f8c2"
  integrity sha512-SbKbANkN603Vi4jEZv49LeVJMn4yGwsbzZworEoyEiutsN3nJYdbO36zfhGJ6QEDpOZIFkDtnq5JRxmvl3jsoQ==

is-glob@^4.0.1, is-glob@~4.0.1:
  version "4.0.3"
  resolved "https://registry.yarnpkg.com/is-glob/-/is-glob-4.0.3.tgz#64f61e42cbbb2eec2071a9dac0b28ba1e65d5084"
  integrity sha512-xelSayHH36ZgE7ZWhli7pW34hNbNl8Ojv5KVmkJD4hBdD3th8Tfk9vYasLM+mXWOZhFkgZfxhLSnrwRr4elSSg==
  dependencies:
    is-extglob "^2.1.1"

is-number@^7.0.0:
  version "7.0.0"
  resolved "https://registry.yarnpkg.com/is-number/-/is-number-7.0.0.tgz#7535345b896734d5f80c4d06c50955527a14f12b"
  integrity sha512-41Cifkg6e8TylSpdtTpeLVMqvSBEVzTttHvERD741+pnZ8ANv0004MRL43QKPDlK9cGvNp6NZWZUBlbGXYxxng==

lodash.throttle@^4.0.0:
  version "4.1.1"
  resolved "https://registry.yarnpkg.com/lodash.throttle/-/lodash.throttle-4.1.1.tgz#c23e91b710242ac70c37f1e1cda9274cc39bf2f4"
  integrity sha512-wIkUCfVKpVsWo3JSZlc+8MB5it+2AN5W8J7YVMST30UrvcQNZ1Okbj+rbVniijTWE6FGYy4XJq/rHkas8qJMLQ==

magic-string@^0.25.7:
  version "0.25.9"
  resolved "https://registry.yarnpkg.com/magic-string/-/magic-string-0.25.9.tgz#de7f9faf91ef8a1c91d02c2e5314c8277dbcdd1c"
  integrity sha512-RmF0AsMzgt25qzqqLc1+MbHmhdx0ojF2Fvs4XnOqz2ZOBXzzkEwc/dJQZCYHAn7v1jbVOjAZfK8msRn4BxO4VQ==
  dependencies:
    sourcemap-codec "^1.4.8"

material-colors@^1.0.0:
  version "1.2.6"
  resolved "https://registry.yarnpkg.com/material-colors/-/material-colors-1.2.6.tgz#6d1958871126992ceecc72f4bcc4d8f010865f46"
  integrity sha512-6qE4B9deFBIa9YSpOc9O0Sgc43zTeVYbgDT5veRKSlB2+ZuHNoVVxA1L/ckMUayV9Ay9y7Z/SZCLcGteW9i7bg==

mdn-data@2.0.28:
  version "2.0.28"
  resolved "https://registry.yarnpkg.com/mdn-data/-/mdn-data-2.0.28.tgz#5ec48e7bef120654539069e1ae4ddc81ca490eba"
  integrity sha512-aylIc7Z9y4yzHYAJNuESG3hfhC+0Ibp/MAMiaOZgNv4pmEdFyfZhhhny4MNiAfWdBQ1RQ2mfDWmM1x8SvGyp8g==

mdn-data@2.0.30:
  version "2.0.30"
  resolved "https://registry.yarnpkg.com/mdn-data/-/mdn-data-2.0.30.tgz#ce4df6f80af6cfbe218ecd5c552ba13c4dfa08cc"
  integrity sha512-GaqWWShW4kv/G9IEucWScBx9G1/vsFZZJUO+tD26M8J8z3Kw5RDQjaoZe03YAClgeS/SWPOcb4nkFBTEi5DUEA==

moment@2.29.4:
  version "2.29.4"
  resolved "https://registry.yarnpkg.com/moment/-/moment-2.29.4.tgz#3dbe052889fe7c1b2ed966fcb3a77328964ef108"
  integrity sha512-5LC9SOxjSc2HF6vO2CyuTDNivEdoz2IvyJJGj6X8DJ0eFyfszE0QiEd+iXmBvUP3WHxSjFH/vIsA0EN00cgr8w==

nanoid@^3.3.4:
  version "3.3.4"
  resolved "https://registry.yarnpkg.com/nanoid/-/nanoid-3.3.4.tgz#730b67e3cd09e2deacf03c027c81c9d9dbc5e8ab"
  integrity sha512-MqBkQh/OHTS2egovRtLk45wEyNXwF+cokD+1YPf9u5VfJiRdAiRwB2froX5Co9Rh20xs4siNPm8naNotSD6RBw==

normalize-path@^3.0.0, normalize-path@~3.0.0:
  version "3.0.0"
  resolved "https://registry.yarnpkg.com/normalize-path/-/normalize-path-3.0.0.tgz#0dcd69ff23a1c9b11fd0978316644a0388216a65"
  integrity sha512-6eZs5Ls3WtCisHWp9S2GUy8dqkpGi4BVSz3GaqiE6ezub0512ESztXUwUB6C6IKbQkY2Pnb/mD4WYojCRwcwLA==

nth-check@^2.0.1:
  version "2.1.1"
  resolved "https://registry.yarnpkg.com/nth-check/-/nth-check-2.1.1.tgz#c9eab428effce36cd6b92c924bdb000ef1f1ed1d"
  integrity sha512-lqjrjmaOoAnWfMmBPL+XNnynZh2+swxiX3WUE0s4yEHI6m+AwrK2UZOimIRl3X/4QctVqS8AiZjFqyOGrMXb/w==
  dependencies:
    boolbase "^1.0.0"

particles.js@^2.0.0:
  version "2.0.0"
  resolved "https://registry.yarnpkg.com/particles.js/-/particles.js-2.0.0.tgz#21386c4328d6c7f96780a201e96eedfc09c736f6"
  integrity sha512-8e0JIqkRbMMPlFBnF9f+92hX1s07jdkd3tqB8uHE9L+cwGGjIYjQM7QLgt0FQ5MZp6SFFYYDm/Y48pqK3ZvJOQ==

path-parse@^1.0.7:
  version "1.0.7"
  resolved "https://registry.yarnpkg.com/path-parse/-/path-parse-1.0.7.tgz#fbc114b60ca42b30d9daf5858e4bd68bbedb6735"
  integrity sha512-LDJzPVEEEPR+y48z93A0Ed0yXb8pAByGWo/k5YYdYgpY2/2EsOsksJrq7lOHxryrVOn1ejG6oAp8ahvOIQD8sw==

picocolors@^1.0.0:
  version "1.0.0"
  resolved "https://registry.yarnpkg.com/picocolors/-/picocolors-1.0.0.tgz#cb5bdc74ff3f51892236eaf79d68bc44564ab81c"
  integrity sha512-1fygroTLlHu66zi26VoTDv8yRgm0Fccecssto+MhsZ0D/DGW2sm8E8AjW7NU5VVTRt5GxbeZ5qBuJr+HyLYkjQ==

picomatch@^2.0.4, picomatch@^2.2.1:
  version "2.3.1"
  resolved "https://registry.yarnpkg.com/picomatch/-/picomatch-2.3.1.tgz#3ba3833733646d9d3e4995946c1365a67fb07a42"
  integrity sha512-JU3teHTNjmE2VCGFzuY8EXzCDVwEqB2a8fsIvwaStHhAWJEeVd1o1QD80CU6+ZdEXXSLbSsuLwJjkCBWqRQUVA==

postcss@^8.1.10:
  version "8.4.21"
  resolved "https://registry.yarnpkg.com/postcss/-/postcss-8.4.21.tgz#c639b719a57efc3187b13a1d765675485f4134f4"
  integrity sha512-tP7u/Sn/dVxK2NnruI4H9BG+x+Wxz6oeZ1cJ8P6G/PZY0IKk4k/63TDsQf2kQq3+qoJeLm2kIBUNlZe3zgb4Zg==
  dependencies:
    nanoid "^3.3.4"
    picocolors "^1.0.0"
    source-map-js "^1.0.2"

postcss@^8.4.14, postcss@^8.4.18:
  version "8.4.19"
  resolved "https://registry.yarnpkg.com/postcss/-/postcss-8.4.19.tgz#61178e2add236b17351897c8bcc0b4c8ecab56fc"
  integrity sha512-h+pbPsyhlYj6N2ozBmHhHrs9DzGmbaarbLvWipMRO7RLS+v4onj26MPFXA5OBYFxyqYhUJK456SwDcY9H2/zsA==
  dependencies:
    nanoid "^3.3.4"
    picocolors "^1.0.0"
    source-map-js "^1.0.2"

readdirp@~3.6.0:
  version "3.6.0"
  resolved "https://registry.yarnpkg.com/readdirp/-/readdirp-3.6.0.tgz#74a370bd857116e245b29cc97340cd431a02a6c7"
  integrity sha512-hOS089on8RduqdbhvQ5Z37A0ESjsqz6qnRcffsMU3495FuTdqSm+7bhJ29JvIOsBDEEnan5DPu9t3To9VRlMzA==
  dependencies:
    picomatch "^2.2.1"

resolve@^1.22.1:
  version "1.22.1"
  resolved "https://registry.yarnpkg.com/resolve/-/resolve-1.22.1.tgz#27cb2ebb53f91abb49470a928bba7558066ac177"
  integrity sha512-nBpuuYuY5jFsli/JIs1oldw6fOQCBioohqWZg/2hiaOybXOft4lonv85uDOKXdf8rhyK159cxU5cDcK/NKk8zw==
  dependencies:
    is-core-module "^2.9.0"
    path-parse "^1.0.7"
    supports-preserve-symlinks-flag "^1.0.0"

rollup@^2.79.1:
  version "2.79.1"
  resolved "https://registry.yarnpkg.com/rollup/-/rollup-2.79.1.tgz#bedee8faef7c9f93a2647ac0108748f497f081c7"
  integrity sha512-uKxbd0IhMZOhjAiD5oAFp7BqvkA4Dv47qpOCtaNvng4HBwdbWtdOh8f5nZNuk2rp51PMGk3bzfWu5oayNEuYnw==
  optionalDependencies:
    fsevents "~2.3.2"

sass@1.56.1:
  version "1.56.1"
  resolved "https://registry.yarnpkg.com/sass/-/sass-1.56.1.tgz#94d3910cd468fd075fa87f5bb17437a0b617d8a7"
  integrity sha512-VpEyKpyBPCxE7qGDtOcdJ6fFbcpOM+Emu7uZLxVrkX8KVU/Dp5UF7WLvzqRuUhB6mqqQt1xffLoG+AndxTZrCQ==
  dependencies:
    chokidar ">=3.0.0 <4.0.0"
    immutable "^4.0.0"
    source-map-js ">=0.6.2 <2.0.0"

scroll-into-view-if-needed@3.0.4:
  version "3.0.4"
  resolved "https://registry.yarnpkg.com/scroll-into-view-if-needed/-/scroll-into-view-if-needed-3.0.4.tgz#4b3101712f0ac8ec982c0a7ab4d071e393241e21"
  integrity sha512-s+/F50jwTOUt+u5oEIAzum9MN2lUQNvWBe/zfEsVQcbaERjGkKLq1s+2wCHkahMLC8nMLbzMVKivx9JhunXaZg==
  dependencies:
    compute-scroll-into-view "^2.0.4"

"source-map-js@>=0.6.2 <2.0.0", source-map-js@^1.0.1, source-map-js@^1.0.2:
  version "1.0.2"
  resolved "https://registry.yarnpkg.com/source-map-js/-/source-map-js-1.0.2.tgz#adbc361d9c62df380125e7f161f71c826f1e490c"
  integrity sha512-R0XvVJ9WusLiqTCEiGCmICCMplcCkIwwR11mOSD9CR5u+IXYdiseeEuXCVAjS54zqwkLcPNnmU4OeJ6tUrWhDw==

source-map-support@~0.5.20:
  version "0.5.21"
  resolved "https://registry.yarnpkg.com/source-map-support/-/source-map-support-0.5.21.tgz#04fe7c7f9e1ed2d662233c28cb2b35b9f63f6e4f"
  integrity sha512-uBHU3L3czsIyYXKX88fdrGovxdSCoTGDRZ6SYXtSRxLZUzHg5P/66Ht6uoUlHu9EZod+inXhKo3qQgwXUT/y1w==
  dependencies:
    buffer-from "^1.0.0"
    source-map "^0.6.0"

source-map@^0.6.0, source-map@^0.6.1:
  version "0.6.1"
  resolved "https://registry.yarnpkg.com/source-map/-/source-map-0.6.1.tgz#74722af32e9614e9c287a8d0bbde48b5e2f1a263"
  integrity sha512-UjgapumWlbMhkBgzT7Ykc5YXUT46F0iKu8SGXq0bcwP5dz/h0Plj6enJqjz1Zbq2l5WaqYnrVbwWOWMyF3F47g==

sourcemap-codec@^1.4.8:
  version "1.4.8"
  resolved "https://registry.yarnpkg.com/sourcemap-codec/-/sourcemap-codec-1.4.8.tgz#ea804bd94857402e6992d05a38ef1ae35a9ab4c4"
  integrity sha512-9NykojV5Uih4lgo5So5dtw+f0JgJX30KCNI8gwhz2J9A15wD0Ml6tjHKwf6fTSa6fAdVBdZeNOs9eJ71qCk8vA==

supports-preserve-symlinks-flag@^1.0.0:
  version "1.0.0"
  resolved "https://registry.yarnpkg.com/supports-preserve-symlinks-flag/-/supports-preserve-symlinks-flag-1.0.0.tgz#6eda4bd344a3c94aea376d4cc31bc77311039e09"
  integrity sha512-ot0WnXS9fgdkgIcePe6RHNk1WA8+muPa6cSjeR3V8K27q9BB1rTE3R1p7Hv0z1ZyAc8s6Vvv8DIyWf681MAt0w==

svgo@^3.0.2:
  version "3.0.2"
  resolved "https://registry.yarnpkg.com/svgo/-/svgo-3.0.2.tgz#5e99eeea42c68ee0dc46aa16da093838c262fe0a"
  integrity sha512-Z706C1U2pb1+JGP48fbazf3KxHrWOsLme6Rv7imFBn5EnuanDW1GPaA/P1/dvObE670JDePC3mnj0k0B7P0jjQ==
  dependencies:
    "@trysound/sax" "0.2.0"
    commander "^7.2.0"
    css-select "^5.1.0"
    css-tree "^2.2.1"
    csso "^5.0.5"
    picocolors "^1.0.0"

terser@^5.14.2:
  version "5.15.1"
  resolved "https://registry.yarnpkg.com/terser/-/terser-5.15.1.tgz#8561af6e0fd6d839669c73b92bdd5777d870ed6c"
  integrity sha512-K1faMUvpm/FBxjBXud0LWVAGxmvoPbZbfTCYbSgaaYQaIXI3/TdI7a7ZGA73Zrou6Q8Zmz3oeUTsp/dj+ag2Xw==
  dependencies:
    "@jridgewell/source-map" "^0.3.2"
    acorn "^8.5.0"
    commander "^2.20.0"
    source-map-support "~0.5.20"

tinycolor2@^1.1.2:
  version "1.5.2"
  resolved "https://registry.yarnpkg.com/tinycolor2/-/tinycolor2-1.5.2.tgz#7d30b4584d8b7d62b9a94dacc505614a6516a95f"
  integrity sha512-h80m9GPFGbcLzZByXlNSEhp1gf8Dy+VX/2JCGUZsWLo7lV1mnE/XlxGYgRBoMLJh1lIDXP0EMC4RPTjlRaV+Bg==

to-regex-range@^5.0.1:
  version "5.0.1"
  resolved "https://registry.yarnpkg.com/to-regex-range/-/to-regex-range-5.0.1.tgz#1648c44aae7c8d988a326018ed72f5b4dd0392e4"
  integrity sha512-65P7iz6X5yEr1cwcgvQxbbIw7Uk3gOy5dIdtZ4rDveLqhrdJP+Li/Hx6tyK0NEb+2GCyneCMJiGqrADCSNk8sQ==
  dependencies:
    is-number "^7.0.0"

uuid@9.0.0:
  version "9.0.0"
  resolved "https://registry.yarnpkg.com/uuid/-/uuid-9.0.0.tgz#592f550650024a38ceb0c562f2f6aa435761efb5"
  integrity sha512-MXcSTerfPa4uqyzStbRoTgt5XIe3x5+42+q1sDuy3R5MDk66URdLMOZe5aPX/SQd+kuYAh0FdP/pO28IkQyTeg==

vite-svg-loader@4.0.0:
  version "4.0.0"
  resolved "https://registry.yarnpkg.com/vite-svg-loader/-/vite-svg-loader-4.0.0.tgz#1cec4337dba3c23ab13bcabb111896e251b047ac"
  integrity sha512-0MMf1yzzSYlV4MGePsLVAOqXsbF5IVxbn4EEzqRnWxTQl8BJg/cfwIzfQNmNQxZp5XXwd4kyRKF1LytuHZTnqA==
  dependencies:
    "@vue/compiler-sfc" "^3.2.20"
    svgo "^3.0.2"

vite@^3.0.2:
  version "3.2.4"
  resolved "https://registry.yarnpkg.com/vite/-/vite-3.2.4.tgz#d8c7892dd4268064e04fffbe7d866207dd24166e"
  integrity sha512-Z2X6SRAffOUYTa+sLy3NQ7nlHFU100xwanq1WDwqaiFiCe+25zdxP1TfCS5ojPV2oDDcXudHIoPnI1Z/66B7Yw==
  dependencies:
    esbuild "^0.15.9"
    postcss "^8.4.18"
    resolve "^1.22.1"
    rollup "^2.79.1"
  optionalDependencies:
    fsevents "~2.3.2"

vue-color@2.8.1:
  version "2.8.1"
  resolved "https://registry.yarnpkg.com/vue-color/-/vue-color-2.8.1.tgz#a090f3dcf8ed6f07afdb865cac84b19a73302e70"
  integrity sha512-BoLCEHisXi2QgwlhZBg9UepvzZZmi4176vbr+31Shen5WWZwSLVgdScEPcB+yrAtuHAz42309C0A4+WiL9lNBw==
  dependencies:
    clamp "^1.0.1"
    lodash.throttle "^4.0.0"
    material-colors "^1.0.0"
    tinycolor2 "^1.1.2"

vue-debounce@4.0.0:
  version "4.0.0"
  resolved "https://registry.yarnpkg.com/vue-debounce/-/vue-debounce-4.0.0.tgz#3f584dabc08a841a0182ab68d19f77f70a416fcc"
  integrity sha512-+BrcKfLpyDpUJ58ZrAvI35irRCgYHFpnF3NJZwwaz8/kkKmEq6TWPXBIhLh2HQAsUZNwo52K/vQyiEFsJ/1RYA==

vue-glitch@1.0.1:
  version "1.0.1"
  resolved "https://registry.yarnpkg.com/vue-glitch/-/vue-glitch-1.0.1.tgz#eebec4602e771d2a4670a6c15abb8502fa0fed7e"
  integrity sha512-N2s9I1Ju5rD59JIO6qPkrlk6z7tYIux8L0cJNaefqfYmgcno09xxU2KfQvBLLqrJErDY+l3Fk2VTrxqJ6emT4A==

vue-particles@1.0.9:
  version "1.0.9"
  resolved "https://registry.yarnpkg.com/vue-particles/-/vue-particles-1.0.9.tgz#29d9cc2be0157df1c0a87ec3b96c96f33279526e"
  integrity sha512-9MUkX6Sq1x7guUHoN4Br4Dwtb+gY1t+uJMg0wxJtKKOURe/zS+8PsKwMhspCfl4ch3EM5nrwhASVX2UizKb41w==
  dependencies:
    particles.js "^2.0.0"
    vue "^2.2.6"

vue-router@^3.5.4:
  version "3.6.5"
  resolved "https://registry.yarnpkg.com/vue-router/-/vue-router-3.6.5.tgz#95847d52b9a7e3f1361cb605c8e6441f202afad8"
  integrity sha512-VYXZQLtjuvKxxcshuRAwjHnciqZVoXAjTjcqBTz4rKc8qih9g9pI3hbDjmqXaHdgL3v8pV6P8Z335XvHzESxLQ==

vue@^2.2.6, vue@^2.7.7:
  version "2.7.14"
  resolved "https://registry.yarnpkg.com/vue/-/vue-2.7.14.tgz#3743dcd248fd3a34d421ae456b864a0246bafb17"
  integrity sha512-b2qkFyOM0kwqWFuQmgd4o+uHGU7T+2z3T+WQp8UBjADfEv2n4FEMffzBmCKNP0IGzOEEfYjvtcC62xaSKeQDrQ==
  dependencies:
    "@vue/compiler-sfc" "2.7.14"
    csstype "^3.1.0"

vuejs-progress-bar@1.2.7:
  version "1.2.7"
  resolved "https://registry.yarnpkg.com/vuejs-progress-bar/-/vuejs-progress-bar-1.2.7.tgz#40ffb8427ccde109a3b2fb038848dff433673060"
  integrity sha512-w6lKwYT5kLSp5aCywSoBD01rZF1MeurOGX1u4gwSKCuWLZj3GB+/Trq+rI7ESesGgFYFfcg6050NyPAiCstJgw==

vuex@3.6.2:
  version "3.6.2"
  resolved "https://registry.yarnpkg.com/vuex/-/vuex-3.6.2.tgz#236bc086a870c3ae79946f107f16de59d5895e71"
  integrity sha512-ETW44IqCgBpVomy520DT5jf8n0zoCac+sxWnn+hMe/CzaSejb/eVw2YToiXYX+Ex/AuHHia28vWTq4goAexFbw==
